
Microsoft Visual Studio Solution File, Format Version 12.00
# Visual Studio Version 16
VisualStudioVersion = 16.0.30907.101
MinimumVisualStudioVersion = 10.0.40219.1
Project("{FAE04EC0-301F-11D3-BF4B-00C04F79EFBC}") = "Use Equipment in Water", "Use Equipment in Water\Use Equipment in Water.csproj", "{D8653240-2378-4C73-B4AF-8F4F12B94862}"
EndProject
Project("{FAE04EC0-301F-11D3-BF4B-00C04F79EFBC}") = "CustomGrassSettings", "CustomGrassSettings\CustomGrassSettings.csproj", "{159FF93E-FA92-4E7F-AEFF-52C16FD3B5CF}"
EndProject
Global
	GlobalSection(SolutionConfigurationPlatforms) = preSolution
		Debug|Any CPU = Debug|Any CPU
		Release|Any CPU = Release|Any CPU
	EndGlobalSection
	GlobalSection(ProjectConfigurationPlatforms) = postSolution
		{D8653240-2378-4C73-B4AF-8F4F12B94862}.Debug|Any CPU.ActiveCfg = Debug|Any CPU
		{D8653240-2378-4C73-B4AF-8F4F12B94862}.Debug|Any CPU.Build.0 = Debug|Any CPU
		{D8653240-2378-4C73-B4AF-8F4F12B94862}.Release|Any CPU.ActiveCfg = Release|Any CPU
		{D8653240-2378-4C73-B4AF-8F4F12B94862}.Release|Any CPU.Build.0 = Release|Any CPU
		{159FF93E-FA92-4E7F-AEFF-52C16FD3B5CF}.Debug|Any CPU.ActiveCfg = Debug|Any CPU
		{159FF93E-FA92-4E7F-AEFF-52C16FD3B5CF}.Debug|Any CPU.Build.0 = Debug|Any CPU
		{159FF93E-FA92-4E7F-AEFF-52C16FD3B5CF}.Release|Any CPU.ActiveCfg = Release|Any CPU
		{159FF93E-FA92-4E7F-AEFF-52C16FD3B5CF}.Release|Any CPU.Build.0 = Release|Any CPU
	EndGlobalSection
	GlobalSection(SolutionProperties) = preSolution
		HideSolutionNode = FALSE
	EndGlobalSection
	GlobalSection(ExtensibilityGlobals) = postSolution
		SolutionGuid = {2280C845-9008-47A4-AE9A-1FDD14DD7A12}
	EndGlobalSection
EndGlobal
